{
  "name": "@benchgen/benchgen-openclaw",
  "version": "0.2.2",
  "lockfileVersion": 3,
  "requires": true,
  "packages": {
    "": {
      "name": "@benchgen/benchgen-openclaw",
      "version": "0.2.2",
      "license": "MIT",
      "dependencies": {
        "@clack/prompts": "^0.7.0",
        "@langfuse/otel": "^5.9.0",
        "@langfuse/tracing": "^5.9.0",
        "@opentelemetry/api": "^1.9.1",
        "@opentelemetry/sdk-trace-node": "^2.8.0",
        "ws": "^8.21.3"
      }
    },
    "node_modules/@clack/core": {
      "version": "0.3.5",
      "resolved": "https://registry.npmjs.org/@clack/core/-/core-0.3.5.tgz",
      "integrity": "sha512-5cfhQNH+1VQ2xLQlmzXMqUoiaH0lRBq9/CLW9lTyMbuKLC3+xEK01tHVvyut++mLOn5urSHmkm6I0Lg9MaJSTQ==",
      "license": "MIT",
      "dependencies": {
        "picocolors": "^1.0.0",
        "sisteransi": "^1.0.5"
      }
    },
    "node_modules/@clack/prompts": {
      "version": "0.7.0",
      "resolved": "https://registry.npmjs.org/@clack/prompts/-/prompts-0.7.0.tgz",
      "integrity": "sha512-0MhX9/B4iL6Re04jPrttDm+BsP8y6mS7byuv0BvXgdXhbV5PdlsHt55dvNsuBCPZ7xq1oTAOOuotR9NFbQyMSA==",
      "bundleDependencies": [
        "is-unicode-supported"
      ],
      "license": "MIT",
      "dependencies": {
        "@clack/core": "^0.3.3",
        "is-unicode-supported": "*",
        "picocolors": "^1.0.0",
        "sisteransi": "^1.0.5"
      }
    },
    "node_modules/@clack/prompts/node_modules/is-unicode-supported": {
      "version": "1.3.0",
      "inBundle": true,
      "license": "MIT",
      "engines": {
        "node": ">=12"
      },
      "funding": {
        "url": "https://github.com/sponsors/sindresorhus"
      }
    },
    "node_modules/@langfuse/core": {
      "version": "5.9.1",
      "resolved": "https://registry.npmjs.org/@langfuse/core/-/core-5.9.1.tgz",
      "integrity": "sha512-KvyAskAO+2ixJwr9wy148ttR/Zn3oapvOJ2Br4Xcp6zhDpjSIIGB4jW/jkp53/KU9MyEHj0RSFPK/yKoxLC4KA==",
      "license": "MIT",
      "peerDependencies": {
        "@opentelemetry/api": "^1.9.0"
      }
    },
    "node_modules/@langfuse/otel": {
      "version": "5.9.1",
      "resolved": "https://registry.npmjs.org/@langfuse/otel/-/otel-5.9.1.tgz",
      "integrity": "sha512-viM5Qq/AIPZPXfO7YdSmDHxEDSrNU/MyGzuE9zKA6hGBII1iLowU+qL99O+TjnXqxoADqlNibhY2pg1/WTIPcw==",
      "license": "MIT",
      "dependencies": {
        "@langfuse/core": "^5.9.1"
      },
      "engines": {
        "node": ">=20"
      },
      "peerDependencies": {
        "@opentelemetry/api": "^1.9.0",
        "@opentelemetry/core": "^2.0.1",
        "@opentelemetry/exporter-trace-otlp-http": ">=0.202.0 <1.0.0",
        "@opentelemetry/sdk-trace-base": "^2.0.1"
      }
    },
    "node_modules/@langfuse/tracing": {
      "version": "5.9.1",
      "resolved": "https://registry.npmjs.org/@langfuse/tracing/-/tracing-5.9.1.tgz",
      "integrity": "sha512-tJRyVAv1JkuOPh4Uz5eWUNH8U4jcJVtK2F5QNy5cZUzXCSrXobCSHusPbxY6VFZcLcFgtpDtSaxL7ev1tV2JNQ==",
      "license": "MIT",
      "dependencies": {
        "@langfuse/core": "^5.9.1"
      },
      "engines": {
        "node": ">=20"
      },
      "peerDependencies": {
        "@opentelemetry/api": "^1.9.0"
      }
    },
    "node_modules/@opentelemetry/api": {
      "version": "1.9.1",
      "resolved": "https://registry.npmjs.org/@opentelemetry/api/-/api-1.9.1.tgz",
      "integrity": "sha512-gLyJlPHPZYdAk1JENA9LeHejZe1Ti77/pTeFm/nMXmQH/HFZlcS/O2XJB+L8fkbrNSqhdtlvjBVjxwUYanNH5Q==",
      "license": "Apache-2.0",
      "engines": {
        "node": ">=8.0.0"
      }
    },
    "node_modules/@opentelemetry/api-logs": {
      "version": "0.221.0",
      "resolved": "https://registry.npmjs.org/@opentelemetry/api-logs/-/api-logs-0.221.0.tgz",
      "integrity": "sha512-OlanaW1vv7ufTqQ3/fPLI4arGt5ZoM+P8abOMki6uEYnpRazepSWDwDnnw+la7kE26SHVC18//SMccrDvLKOXQ==",
      "license": "Apache-2.0",
      "peer": true,
      "dependencies": {
        "@opentelemetry/api": "^1.3.0"
      },
      "engines": {
        "node": ">=8.0.0"
      }
    },
    "node_modules/@opentelemetry/context-async-hooks": {
      "version": "2.9.0",
      "resolved": "https://registry.npmjs.org/@opentelemetry/context-async-hooks/-/context-async-hooks-2.9.0.tgz",
      "integrity": "sha512-OQ0vzvbZBiUhjqLnUaoNfYmP8553Crr3aggB4y0ZUi815mZ7idpdJXQmoKdeBKJelYttoBlLSSHubmyw3wvX4w==",
      "license": "Apache-2.0",
      "engines": {
        "node": "^18.19.0 || >=20.6.0"
      },
      "peerDependencies": {
        "@opentelemetry/api": ">=1.0.0 <1.10.0"
      }
    },
    "node_modules/@opentelemetry/core": {
      "version": "2.9.0",
      "resolved": "https://registry.npmjs.org/@opentelemetry/core/-/core-2.9.0.tgz",
      "integrity": "sha512-m2nckMT80NnmjTYSPjJQObBJ+8dgkoajEOUbznL8AHZ3T3yHRk2P7gI1PhEBc1+lOnrYE9UWrWHqJDsmqjmNbw==",
      "license": "Apache-2.0",
      "dependencies": {
        "@opentelemetry/semantic-conventions": "^1.29.0"
      },
      "engines": {
        "node": "^18.19.0 || >=20.6.0"
      },
      "peerDependencies": {
        "@opentelemetry/api": ">=1.0.0 <1.10.0"
      }
    },
    "node_modules/@opentelemetry/exporter-trace-otlp-http": {
      "version": "0.221.0",
      "resolved": "https://registry.npmjs.org/@opentelemetry/exporter-trace-otlp-http/-/exporter-trace-otlp-http-0.221.0.tgz",
      "integrity": "sha512-AySXiKoC+meiWm6zdVj5T2LnPDZuatveBby1cMOeQteIWsYXAUxs8Sru13G2pVSPrUXz6vF+og7QVBX6GdC/oQ==",
      "license": "Apache-2.0",
      "peer": true,
      "dependencies": {
        "@opentelemetry/otlp-exporter-base": "0.221.0",
        "@opentelemetry/otlp-transformer": "0.221.0",
        "@opentelemetry/sdk-trace": "2.10.0"
      },
      "engines": {
        "node": "^18.19.0 || >=20.6.0"
      },
      "peerDependencies": {
        "@opentelemetry/api": "^1.3.0"
      }
    },
    "node_modules/@opentelemetry/exporter-trace-otlp-http/node_modules/@opentelemetry/core": {
      "version": "2.10.0",
      "resolved": "https://registry.npmjs.org/@opentelemetry/core/-/core-2.10.0.tgz",
      "integrity": "sha512-/wNZ8twnEQQA4HoHu22+vcsdru6pWPWxW+7w+FlxT6Id7PE/WIbZmVKkte+PF72e0F2dnImFeHD2syyE1Mw6MQ==",
      "license": "Apache-2.0",
      "peer": true,
      "dependencies": {
        "@opentelemetry/semantic-conventions": "^1.29.0"
      },
      "engines": {
        "node": "^18.19.0 || >=20.6.0"
      },
      "peerDependencies": {
        "@opentelemetry/api": ">=1.0.0 <1.10.0"
      }
    },
    "node_modules/@opentelemetry/exporter-trace-otlp-http/node_modules/@opentelemetry/resources": {
      "version": "2.10.0",
      "resolved": "https://registry.npmjs.org/@opentelemetry/resources/-/resources-2.10.0.tgz",
      "integrity": "sha512-q6MMm2zhggzsHVNbabYwut+a6nbuQQe3URUoxaojM/8K1IBfwwPzvxIjNi2/lI1TFe+fMHMW9MWhrtDLEXEnkA==",
      "license": "Apache-2.0",
      "peer": true,
      "dependencies": {
        "@opentelemetry/core": "2.10.0",
        "@opentelemetry/semantic-conventions": "^1.29.0"
      },
      "engines": {
        "node": "^18.19.0 || >=20.6.0"
      },
      "peerDependencies": {
        "@opentelemetry/api": ">=1.3.0 <1.10.0"
      }
    },
    "node_modules/@opentelemetry/exporter-trace-otlp-http/node_modules/@opentelemetry/sdk-trace": {
      "version": "2.10.0",
      "resolved": "https://registry.npmjs.org/@opentelemetry/sdk-trace/-/sdk-trace-2.10.0.tgz",
      "integrity": "sha512-MfQGq3GRmTh5fM/y+OjaO0vj6+luCB1XO2gfXCalKCfgKw0eHL++sm75DNweC6ohlp+aFvACqeE0fYayqdRaoQ==",
      "license": "Apache-2.0",
      "peer": true,
      "dependencies": {
        "@opentelemetry/core": "2.10.0",
        "@opentelemetry/resources": "2.10.0",
        "@opentelemetry/semantic-conventions": "^1.29.0"
      },
      "engines": {
        "node": "^18.19.0 || >=20.6.0"
      },
      "peerDependencies": {
        "@opentelemetry/api": ">=1.3.0 <1.10.0"
      }
    },
    "node_modules/@opentelemetry/otlp-exporter-base": {
      "version": "0.221.0",
      "resolved": "https://registry.npmjs.org/@opentelemetry/otlp-exporter-base/-/otlp-exporter-base-0.221.0.tgz",
      "integrity": "sha512-UFPIq80OH3Ns/oPFHRj14d4DTOxUo+MUFU8hUiCq5jTqFhdeJnfVSANHT+xp92409cA+oxzvlZCe6NM1wvCuBA==",
      "license": "Apache-2.0",
      "peer": true,
      "dependencies": {
        "@opentelemetry/core": "2.10.0",
        "@opentelemetry/otlp-transformer": "0.221.0"
      },
      "engines": {
        "node": "^18.19.0 || >=20.6.0"
      },
      "peerDependencies": {
        "@opentelemetry/api": "^1.3.0"
      }
    },
    "node_modules/@opentelemetry/otlp-exporter-base/node_modules/@opentelemetry/core": {
      "version": "2.10.0",
      "resolved": "https://registry.npmjs.org/@opentelemetry/core/-/core-2.10.0.tgz",
      "integrity": "sha512-/wNZ8twnEQQA4HoHu22+vcsdru6pWPWxW+7w+FlxT6Id7PE/WIbZmVKkte+PF72e0F2dnImFeHD2syyE1Mw6MQ==",
      "license": "Apache-2.0",
      "peer": true,
      "dependencies": {
        "@opentelemetry/semantic-conventions": "^1.29.0"
      },
      "engines": {
        "node": "^18.19.0 || >=20.6.0"
      },
      "peerDependencies": {
        "@opentelemetry/api": ">=1.0.0 <1.10.0"
      }
    },
    "node_modules/@opentelemetry/otlp-transformer": {
      "version": "0.221.0",
      "resolved": "https://registry.npmjs.org/@opentelemetry/otlp-transformer/-/otlp-transformer-0.221.0.tgz",
      "integrity": "sha512-lg6lkOU08Az23jVcn/0Els9HP+V8PnR4Km6p0KgpTggS0n/WuhnmY64rSh83Of9iR9nD+dpWr6adlcX8KzAwjg==",
      "license": "Apache-2.0",
      "peer": true,
      "dependencies": {
        "@opentelemetry/api-logs": "0.221.0",
        "@opentelemetry/core": "2.10.0",
        "@opentelemetry/resources": "2.10.0",
        "@opentelemetry/sdk-logs": "0.221.0",
        "@opentelemetry/sdk-metrics": "2.10.0",
        "@opentelemetry/sdk-trace": "2.10.0"
      },
      "engines": {
        "node": "^18.19.0 || >=20.6.0"
      },
      "peerDependencies": {
        "@opentelemetry/api": "^1.3.0"
      }
    },
    "node_modules/@opentelemetry/otlp-transformer/node_modules/@opentelemetry/core": {
      "version": "2.10.0",
      "resolved": "https://registry.npmjs.org/@opentelemetry/core/-/core-2.10.0.tgz",
      "integrity": "sha512-/wNZ8twnEQQA4HoHu22+vcsdru6pWPWxW+7w+FlxT6Id7PE/WIbZmVKkte+PF72e0F2dnImFeHD2syyE1Mw6MQ==",
      "license": "Apache-2.0",
      "peer": true,
      "dependencies": {
        "@opentelemetry/semantic-conventions": "^1.29.0"
      },
      "engines": {
        "node": "^18.19.0 || >=20.6.0"
      },
      "peerDependencies": {
        "@opentelemetry/api": ">=1.0.0 <1.10.0"
      }
    },
    "node_modules/@opentelemetry/otlp-transformer/node_modules/@opentelemetry/resources": {
      "version": "2.10.0",
      "resolved": "https://registry.npmjs.org/@opentelemetry/resources/-/resources-2.10.0.tgz",
      "integrity": "sha512-q6MMm2zhggzsHVNbabYwut+a6nbuQQe3URUoxaojM/8K1IBfwwPzvxIjNi2/lI1TFe+fMHMW9MWhrtDLEXEnkA==",
      "license": "Apache-2.0",
      "peer": true,
      "dependencies": {
        "@opentelemetry/core": "2.10.0",
        "@opentelemetry/semantic-conventions": "^1.29.0"
      },
      "engines": {
        "node": "^18.19.0 || >=20.6.0"
      },
      "peerDependencies": {
        "@opentelemetry/api": ">=1.3.0 <1.10.0"
      }
    },
    "node_modules/@opentelemetry/otlp-transformer/node_modules/@opentelemetry/sdk-trace": {
      "version": "2.10.0",
      "resolved": "https://registry.npmjs.org/@opentelemetry/sdk-trace/-/sdk-trace-2.10.0.tgz",
      "integrity": "sha512-MfQGq3GRmTh5fM/y+OjaO0vj6+luCB1XO2gfXCalKCfgKw0eHL++sm75DNweC6ohlp+aFvACqeE0fYayqdRaoQ==",
      "license": "Apache-2.0",
      "peer": true,
      "dependencies": {
        "@opentelemetry/core": "2.10.0",
        "@opentelemetry/resources": "2.10.0",
        "@opentelemetry/semantic-conventions": "^1.29.0"
      },
      "engines": {
        "node": "^18.19.0 || >=20.6.0"
      },
      "peerDependencies": {
        "@opentelemetry/api": ">=1.3.0 <1.10.0"
      }
    },
    "node_modules/@opentelemetry/resources": {
      "version": "2.9.0",
      "resolved": "https://registry.npmjs.org/@opentelemetry/resources/-/resources-2.9.0.tgz",
      "integrity": "sha512-jyA5MBLQ+Dkl3+JsZkUoUvL7yHvU64kLsvpXKarWm6347Sl1t1bXFTFykUePNpT5WH5pm9a2Qtt03iIYQhZ1Fg==",
      "license": "Apache-2.0",
      "dependencies": {
        "@opentelemetry/core": "2.9.0",
        "@opentelemetry/semantic-conventions": "^1.29.0"
      },
      "engines": {
        "node": "^18.19.0 || >=20.6.0"
      },
      "peerDependencies": {
        "@opentelemetry/api": ">=1.3.0 <1.10.0"
      }
    },
    "node_modules/@opentelemetry/sdk-logs": {
      "version": "0.221.0",
      "resolved": "https://registry.npmjs.org/@opentelemetry/sdk-logs/-/sdk-logs-0.221.0.tgz",
      "integrity": "sha512-FaDcazjyMp7TZZZAsqbo4IkovP0UegoCu0EBkiNt+qCqvUf7FPAsfcrZ3+ZEkKgXZ/jHafop+JoGPDk3A0SmLg==",
      "license": "Apache-2.0",
      "peer": true,
      "dependencies": {
        "@opentelemetry/api-logs": "0.221.0",
        "@opentelemetry/core": "2.10.0",
        "@opentelemetry/resources": "2.10.0",
        "@opentelemetry/semantic-conventions": "^1.29.0"
      },
      "engines": {
        "node": "^18.19.0 || >=20.6.0"
      },
      "peerDependencies": {
        "@opentelemetry/api": ">=1.4.0 <1.10.0"
      }
    },
    "node_modules/@opentelemetry/sdk-logs/node_modules/@opentelemetry/core": {
      "version": "2.10.0",
      "resolved": "https://registry.npmjs.org/@opentelemetry/core/-/core-2.10.0.tgz",
      "integrity": "sha512-/wNZ8twnEQQA4HoHu22+vcsdru6pWPWxW+7w+FlxT6Id7PE/WIbZmVKkte+PF72e0F2dnImFeHD2syyE1Mw6MQ==",
      "license": "Apache-2.0",
      "peer": true,
      "dependencies": {
        "@opentelemetry/semantic-conventions": "^1.29.0"
      },
      "engines": {
        "node": "^18.19.0 || >=20.6.0"
      },
      "peerDependencies": {
        "@opentelemetry/api": ">=1.0.0 <1.10.0"
      }
    },
    "node_modules/@opentelemetry/sdk-logs/node_modules/@opentelemetry/resources": {
      "version": "2.10.0",
      "resolved": "https://registry.npmjs.org/@opentelemetry/resources/-/resources-2.10.0.tgz",
      "integrity": "sha512-q6MMm2zhggzsHVNbabYwut+a6nbuQQe3URUoxaojM/8K1IBfwwPzvxIjNi2/lI1TFe+fMHMW9MWhrtDLEXEnkA==",
      "license": "Apache-2.0",
      "peer": true,
      "dependencies": {
        "@opentelemetry/core": "2.10.0",
        "@opentelemetry/semantic-conventions": "^1.29.0"
      },
      "engines": {
        "node": "^18.19.0 || >=20.6.0"
      },
      "peerDependencies": {
        "@opentelemetry/api": ">=1.3.0 <1.10.0"
      }
    },
    "node_modules/@opentelemetry/sdk-metrics": {
      "version": "2.10.0",
      "resolved": "https://registry.npmjs.org/@opentelemetry/sdk-metrics/-/sdk-metrics-2.10.0.tgz",
      "integrity": "sha512-t6r1VSvXNtSDnPXU1FbZeetJb7yyovHmgu0wRSoftxtE0g2rSNhQZQUy69sRUCL+iioJpX8SN/S6wq6ZtvLySQ==",
      "license": "Apache-2.0",
      "peer": true,
      "dependencies": {
        "@opentelemetry/core": "2.10.0",
        "@opentelemetry/resources": "2.10.0"
      },
      "engines": {
        "node": "^18.19.0 || >=20.6.0"
      },
      "peerDependencies": {
        "@opentelemetry/api": ">=1.9.0 <1.10.0"
      }
    },
    "node_modules/@opentelemetry/sdk-metrics/node_modules/@opentelemetry/core": {
      "version": "2.10.0",
      "resolved": "https://registry.npmjs.org/@opentelemetry/core/-/core-2.10.0.tgz",
      "integrity": "sha512-/wNZ8twnEQQA4HoHu22+vcsdru6pWPWxW+7w+FlxT6Id7PE/WIbZmVKkte+PF72e0F2dnImFeHD2syyE1Mw6MQ==",
      "license": "Apache-2.0",
      "peer": true,
      "dependencies": {
        "@opentelemetry/semantic-conventions": "^1.29.0"
      },
      "engines": {
        "node": "^18.19.0 || >=20.6.0"
      },
      "peerDependencies": {
        "@opentelemetry/api": ">=1.0.0 <1.10.0"
      }
    },
    "node_modules/@opentelemetry/sdk-metrics/node_modules/@opentelemetry/resources": {
      "version": "2.10.0",
      "resolved": "https://registry.npmjs.org/@opentelemetry/resources/-/resources-2.10.0.tgz",
      "integrity": "sha512-q6MMm2zhggzsHVNbabYwut+a6nbuQQe3URUoxaojM/8K1IBfwwPzvxIjNi2/lI1TFe+fMHMW9MWhrtDLEXEnkA==",
      "license": "Apache-2.0",
      "peer": true,
      "dependencies": {
        "@opentelemetry/core": "2.10.0",
        "@opentelemetry/semantic-conventions": "^1.29.0"
      },
      "engines": {
        "node": "^18.19.0 || >=20.6.0"
      },
      "peerDependencies": {
        "@opentelemetry/api": ">=1.3.0 <1.10.0"
      }
    },
    "node_modules/@opentelemetry/sdk-trace": {
      "version": "2.9.0",
      "resolved": "https://registry.npmjs.org/@opentelemetry/sdk-trace/-/sdk-trace-2.9.0.tgz",
      "integrity": "sha512-sGA19HvtrrSKYsseHphluH6j3p6Xa3fqc7c7y8f/7mYWejc1lyDFcpSdD1kYa50HCLUeEo4zA5bW0pniaPszuw==",
      "license": "Apache-2.0",
      "dependencies": {
        "@opentelemetry/core": "2.9.0",
        "@opentelemetry/resources": "2.9.0",
        "@opentelemetry/semantic-conventions": "^1.29.0"
      },
      "engines": {
        "node": "^18.19.0 || >=20.6.0"
      },
      "peerDependencies": {
        "@opentelemetry/api": ">=1.3.0 <1.10.0"
      }
    },
    "node_modules/@opentelemetry/sdk-trace-base": {
      "version": "2.9.0",
      "resolved": "https://registry.npmjs.org/@opentelemetry/sdk-trace-base/-/sdk-trace-base-2.9.0.tgz",
      "integrity": "sha512-cp9zmTl62R8PJrpvFcmc8N2JQU/xfa0S+61q511Nji+QxCfZ8Ifvg7H27G8cANe4crg4RTrWsVvanHiXjSp6ag==",
      "license": "Apache-2.0",
      "dependencies": {
        "@opentelemetry/core": "2.9.0",
        "@opentelemetry/resources": "2.9.0",
        "@opentelemetry/sdk-trace": "2.9.0",
        "@opentelemetry/semantic-conventions": "^1.29.0"
      },
      "engines": {
        "node": "^18.19.0 || >=20.6.0"
      },
      "peerDependencies": {
        "@opentelemetry/api": ">=1.3.0 <1.10.0"
      }
    },
    "node_modules/@opentelemetry/sdk-trace-node": {
      "version": "2.9.0",
      "resolved": "https://registry.npmjs.org/@opentelemetry/sdk-trace-node/-/sdk-trace-node-2.9.0.tgz",
      "integrity": "sha512-ec9a7ps37huy5itYk0MalaZdSLlM6AXWp/FhtEjgMpp5leEGojBDvAl/UWttQnkMZOvFHKzRESn8TD3yKTF5nQ==",
      "license": "Apache-2.0",
      "dependencies": {
        "@opentelemetry/context-async-hooks": "2.9.0",
        "@opentelemetry/core": "2.9.0",
        "@opentelemetry/sdk-trace-base": "2.9.0"
      },
      "engines": {
        "node": "^18.19.0 || >=20.6.0"
      },
      "peerDependencies": {
        "@opentelemetry/api": ">=1.0.0 <1.10.0"
      }
    },
    "node_modules/@opentelemetry/semantic-conventions": {
      "version": "1.43.0",
      "resolved": "https://registry.npmjs.org/@opentelemetry/semantic-conventions/-/semantic-conventions-1.43.0.tgz",
      "integrity": "sha512-eSYWTm620tTk45EKSedaUL8MFYI8hW164hIXsgIHyxu3VobUB3fFCu5t0hQby6OoWRPsG1KkKUG2M5UadiLiVg==",
      "license": "Apache-2.0",
      "engines": {
        "node": ">=14"
      }
    },
    "node_modules/picocolors": {
      "version": "1.1.1",
      "resolved": "https://registry.npmjs.org/picocolors/-/picocolors-1.1.1.tgz",
      "integrity": "sha512-xceH2snhtb5M9liqDsmEw56le376mTZkEX/jEb/RxNFyegNul7eNslCXP9FDj/Lcu0X8KEyMceP2ntpaHrDEVA==",
      "license": "ISC"
    },
    "node_modules/sisteransi": {
      "version": "1.0.5",
      "resolved": "https://registry.npmjs.org/sisteransi/-/sisteransi-1.0.5.tgz",
      "integrity": "sha512-bLGGlR1QxBcynn2d5YmDX4MGjlZvy2MRBDRNHLJ8VI6l6+9FUiyTFNJ0IveOSP0bcXgVDPRcfGqA0pjaqUpfVg==",
      "license": "MIT"
    },
    "node_modules/ws": {
      "version": "8.21.3",
      "resolved": "https://registry.npmjs.org/ws/-/ws-8.21.3.tgz",
      "integrity": "sha512-201TZ/kPWxoPr/OKWjquZR1SWKXcvxdH+e1xrx89b3YbmzLMFCLfnaG1HFIgWzJOEWZ7MvpK++odZufgYR50Rw==",
      "license": "MIT",
      "engines": {
        "node": ">=10.0.0"
      },
      "peerDependencies": {
        "bufferutil": "^4.0.1",
        "utf-8-validate": ">=5.0.2"
      },
      "peerDependenciesMeta": {
        "bufferutil": {
          "optional": true
        },
        "utf-8-validate": {
          "optional": true
        }
      }
    }
  }
}
